
Microsoft Visual Studio Solution File, Format Version 12.00
# Visual Studio Version 17
VisualStudioVersion = 17.14.36414.22 d17.14
MinimumVisualStudioVersion = 10.0.40219.1
Project("{FAE04EC0-301F-11D3-BF4B-00C04F79EFBC}") = "Examination System", "Examination System\Examination System.csproj", "{BB7BCEDE-46F9-4B68-B006-75E1BD1C726E}"
EndProject
Global
	GlobalSection(SolutionConfigurationPlatforms) = preSolution
		Debug|Any CPU = Debug|Any CPU
		Release|Any CPU = Release|Any CPU
	EndGlobalSection
	GlobalSection(ProjectConfigurationPlatforms) = postSolution
		{BB7BCEDE-46F9-4B68-B006-75E1BD1C726E}.Debug|Any CPU.ActiveCfg = Debug|Any CPU
		{BB7BCEDE-46F9-4B68-B006-75E1BD1C726E}.Debug|Any CPU.Build.0 = Debug|Any CPU
		{BB7BCEDE-46F9-4B68-B006-75E1BD1C726E}.Release|Any CPU.ActiveCfg = Release|Any CPU
		{BB7BCEDE-46F9-4B68-B006-75E1BD1C726E}.Release|Any CPU.Build.0 = Release|Any CPU
	EndGlobalSection
	GlobalSection(SolutionProperties) = preSolution
		HideSolutionNode = FALSE
	EndGlobalSection
	GlobalSection(ExtensibilityGlobals) = postSolution
		SolutionGuid = {4F313F1C-716E-49CE-8AFF-7E39C734ED8C}
	EndGlobalSection
EndGlobal
